<Solution>
  <Project Path="Assembly-CSharp-firstpass.csproj" />
  <Project Path="Assembly-CSharp.csproj" />
  <Project Path="Polyperfect.Common.csproj" />
  <Project Path="Assembly-CSharp-Editor-firstpass.csproj" />
  <Project Path="Polyperfect.People.csproj" />
  <Project Path="Assembly-CSharp-Editor.csproj" />
  <Project Path="TGS_PackageImporter.csproj" />
</Solution>
